
Microsoft Visual Studio Solution File, Format Version 12.00
Project("{FAE04EC0-301F-11D3-BF4B-00C04F79EFBC}") = "cg_lab2_0002", "cg_lab2_0002\cg_lab2_0002.csproj", "{D4F4BE96-F94C-4F23-BFA9-87BC4FAECDFE}"
EndProject
Global
	GlobalSection(SolutionConfigurationPlatforms) = preSolution
		Debug|Any CPU = Debug|Any CPU
		Release|Any CPU = Release|Any CPU
	EndGlobalSection
	GlobalSection(ProjectConfigurationPlatforms) = postSolution
		{D4F4BE96-F94C-4F23-BFA9-87BC4FAECDFE}.Debug|Any CPU.ActiveCfg = Debug|Any CPU
		{D4F4BE96-F94C-4F23-BFA9-87BC4FAECDFE}.Debug|Any CPU.Build.0 = Debug|Any CPU
		{D4F4BE96-F94C-4F23-BFA9-87BC4FAECDFE}.Release|Any CPU.ActiveCfg = Release|Any CPU
		{D4F4BE96-F94C-4F23-BFA9-87BC4FAECDFE}.Release|Any CPU.Build.0 = Release|Any CPU
	EndGlobalSection
EndGlobal
